{
  "name": "fake-data-generator",
  "version": "1.0.0",
  "lockfileVersion": 1,
  "requires": true,
  "dependencies": {
    "@babel/runtime": {
      "version": "7.26.0",
      "resolved": "http://artifactory.hundsun.com:80/artifactory/api/npm/futuuf3-npm-virtual/@babel/runtime/-/runtime-7.26.0.tgz",
      "integrity": "sha512-FDSOghenHTiToteC/QRlv2q3DhPZ/oOXTBoirfWNx1Cx3TMVcGWQtMMmQcSvb/JjpNeGzx8Pq/b4fKEJuWm1sw==",
      "requires": {
        "regenerator-runtime": "^0.14.0"
      }
    },
    "@types/acorn": {
      "version": "4.0.6",
      "resolved": "http://artifactory.hundsun.com:80/artifactory/api/npm/futuuf3-npm-virtual/@types/acorn/-/acorn-4.0.6.tgz",
      "integrity": "sha512-veQTnWP+1D/xbxVrPC3zHnCZRjSrKfhbMUlEA43iMZLu7EsnTtkJklIuwrCPbOi8YkvDQAiW05VQQFvvz9oieQ==",
      "requires": {
        "@types/estree": "*"
      }
    },
    "@types/estree": {
      "version": "0.0.41",
      "resolved": "http://artifactory.hundsun.com:80/artifactory/api/npm/futuuf3-npm-virtual/@types/estree/-/estree-0.0.41.tgz",
      "integrity": "sha512-rIAmXyJlqw4KEBO7+u9gxZZSQHaCNnIzYrnNmYVpgfJhxTqO0brCX0SYpqUTkVI5mwwUwzmtspLBGBKroMeynA=="
    },
    "acorn": {
      "version": "7.4.1",
      "resolved": "http://artifactory.hundsun.com:80/artifactory/api/npm/futuuf3-npm-virtual/acorn/-/acorn-7.4.1.tgz",
      "integrity": "sha512-nQyp0o1/mNdbTO1PO6kHkwSrmgZ0MT/jCCpNiwbUjGoRN4dlBhqJtoQuCnEOKzgTVwg0ZWiCoQy6SxMebQVh8A=="
    },
    "eval5": {
      "version": "1.4.8",
      "resolved": "http://artifactory.hundsun.com:80/artifactory/api/npm/futuuf3-npm-virtual/eval5/-/eval5-1.4.8.tgz",
      "integrity": "sha512-sdc04TAeklUHrITxBWksrDsDBWqAvYs9VCS2cpSHrSqzTdva4JkILV+x7kVlyoUqp/g7kMyGS+4RMYgfkGciAw==",
      "requires": {
        "@babel/runtime": "^7.8.4",
        "@types/acorn": "^4.0.5",
        "@types/estree": "0.0.41",
        "acorn": "^7.1.0"
      }
    },
    "regenerator-runtime": {
      "version": "0.14.1",
      "resolved": "http://artifactory.hundsun.com:80/artifactory/api/npm/futuuf3-npm-virtual/regenerator-runtime/-/regenerator-runtime-0.14.1.tgz",
      "integrity": "sha512-dYnhHh0nJoMfnkZs6GmmhFknAGRrLznOu5nc9ML+EJxGvrx6H7teuevqVqCuPcPK//3eDrrjQhehXVx9cnkGdw=="
    }
  }
}
